
Microsoft Visual Studio Solution File, Format Version 12.00
# Visual Studio 2012
Project("{FAE04EC0-301F-11D3-BF4B-00C04F79EFBC}") = "SimpleRotator", "SimpleRotator\SimpleRotator.csproj", "{A808C6BE-4A42-4FD8-A13D-B76E4BF51765}"
EndProject
Project("{FAE04EC0-301F-11D3-BF4B-00C04F79EFBC}") = "SimpleRotatorTests", "SimpleRotatorTests\SimpleRotatorTests.csproj", "{0632B766-0C4C-4532-B255-53CD96F1ACA6}"
EndProject
Global
	GlobalSection(SolutionConfigurationPlatforms) = preSolution
		Debug|Any CPU = Debug|Any CPU
		Release|Any CPU = Release|Any CPU
	EndGlobalSection
	GlobalSection(ProjectConfigurationPlatforms) = postSolution
		{A808C6BE-4A42-4FD8-A13D-B76E4BF51765}.Debug|Any CPU.ActiveCfg = Debug|Any CPU
		{A808C6BE-4A42-4FD8-A13D-B76E4BF51765}.Debug|Any CPU.Build.0 = Debug|Any CPU
		{A808C6BE-4A42-4FD8-A13D-B76E4BF51765}.Release|Any CPU.ActiveCfg = Release|Any CPU
		{A808C6BE-4A42-4FD8-A13D-B76E4BF51765}.Release|Any CPU.Build.0 = Release|Any CPU
		{0632B766-0C4C-4532-B255-53CD96F1ACA6}.Debug|Any CPU.ActiveCfg = Debug|Any CPU
		{0632B766-0C4C-4532-B255-53CD96F1ACA6}.Debug|Any CPU.Build.0 = Debug|Any CPU
		{0632B766-0C4C-4532-B255-53CD96F1ACA6}.Release|Any CPU.ActiveCfg = Release|Any CPU
		{0632B766-0C4C-4532-B255-53CD96F1ACA6}.Release|Any CPU.Build.0 = Release|Any CPU
	EndGlobalSection
	GlobalSection(SolutionProperties) = preSolution
		HideSolutionNode = FALSE
	EndGlobalSection
EndGlobal
